
Microsoft Visual Studio Solution File, Format Version 12.00
# Visual Studio Version 17
VisualStudioVersion = 17.0.31903.59
MinimumVisualStudioVersion = 10.0.40219.1
Project("{2150E333-8FDC-42A3-9474-1A3956D46DE8}") = "Aula4", "Aula4", "{86FFF915-A70D-6D22-BBC9-936E523449E4}"
EndProject
Project("{FAE04EC0-301F-11D3-BF4B-00C04F79EFBC}") = "Exercicio1", "Aula4\Exercicio1\Exercicio1.csproj", "{1E2D650A-D391-467B-9A71-3487E83AAAF1}"
EndProject
Project("{FAE04EC0-301F-11D3-BF4B-00C04F79EFBC}") = "Exercicio3", "Aula4\Exercicio3\Exercicio3.csproj", "{EB2CACEA-6372-40AA-81CC-CDE0765AC478}"
EndProject
Project("{2150E333-8FDC-42A3-9474-1A3956D46DE8}") = "Aula5", "Aula5", "{C9C22370-D9A2-AC29-050F-7139BECDFD26}"
EndProject
Project("{FAE04EC0-301F-11D3-BF4B-00C04F79EFBC}") = "Exercicio2", "Aula5\Exercicio2\Exercicio2.csproj", "{78BF9D21-1D44-466D-B7C9-C6D3CAEBCC0E}"
EndProject
Project("{FAE04EC0-301F-11D3-BF4B-00C04F79EFBC}") = "Exercicio4", "Aula5\Exercicio4\Exercicio4.csproj", "{B2BEE3D6-C3D9-493A-B2EF-9BFBA5F00F33}"
EndProject
Project("{FAE04EC0-301F-11D3-BF4B-00C04F79EFBC}") = "Exercicio5", "Aula5\Exercicio5\Exercicio5.csproj", "{04DF5CB3-2CFF-4910-89EE-ADF0519F418D}"
EndProject
Project("{2150E333-8FDC-42A3-9474-1A3956D46DE8}") = "Aula6", "Aula6", "{524550B4-BF10-CBF7-EC8D-67BB0CC8CAF5}"
EndProject
Project("{FAE04EC0-301F-11D3-BF4B-00C04F79EFBC}") = "Exercicio3", "Aula6\Exercicio3\Exercicio3.csproj", "{31311743-9126-45DD-91E7-96AC6D5FE1D0}"
EndProject
Project("{2150E333-8FDC-42A3-9474-1A3956D46DE8}") = "Aula7", "Aula7", "{EEF5C829-FE39-4181-F164-9F63BF10A4E5}"
EndProject
Project("{FAE04EC0-301F-11D3-BF4B-00C04F79EFBC}") = "Exercicio3", "Aula7\Exercicio3\Exercicio3.csproj", "{FD754F8C-D0D0-4BCE-9D22-A93DF7D68D33}"
EndProject
Project("{2150E333-8FDC-42A3-9474-1A3956D46DE8}") = "Aula8", "Aula8", "{C8031613-51DE-5265-AC7F-2663278861A3}"
EndProject
Project("{FAE04EC0-301F-11D3-BF4B-00C04F79EFBC}") = "Exercicio1", "Aula8\Exercicio1\Exercicio1.csproj", "{03FF4C32-8206-412A-B276-805DEAA3D61F}"
EndProject
Project("{FAE04EC0-301F-11D3-BF4B-00C04F79EFBC}") = "Exercicio3", "Aula8\Exercicio3\Exercicio3.csproj", "{A793DEFB-8E59-4FA7-8752-97CDCB2CDC8C}"
EndProject
Project("{FAE04EC0-301F-11D3-BF4B-00C04F79EFBC}") = "Exercicio4", "Aula7\Exercicio4\Exercicio4.csproj", "{A245DEF8-5B31-425D-B94D-C6DB5E2236D1}"
EndProject
Project("{2150E333-8FDC-42A3-9474-1A3956D46DE8}") = "Aula9", "Aula9", "{B1CAFED3-8B00-36AC-E475-2B2F3CD93608}"
EndProject
Project("{FAE04EC0-301F-11D3-BF4B-00C04F79EFBC}") = "Exercicio1", "Aula9\Exercicio1\Exercicio1.csproj", "{A281A9CE-0CFC-49E6-8894-AB8C59491F07}"
EndProject
Global
	GlobalSection(SolutionConfigurationPlatforms) = preSolution
		Debug|Any CPU = Debug|Any CPU
		Debug|x64 = Debug|x64
		Debug|x86 = Debug|x86
		Release|Any CPU = Release|Any CPU
		Release|x64 = Release|x64
		Release|x86 = Release|x86
	EndGlobalSection
	GlobalSection(ProjectConfigurationPlatforms) = postSolution
		{1E2D650A-D391-467B-9A71-3487E83AAAF1}.Debug|Any CPU.ActiveCfg = Debug|Any CPU
		{1E2D650A-D391-467B-9A71-3487E83AAAF1}.Debug|Any CPU.Build.0 = Debug|Any CPU
		{1E2D650A-D391-467B-9A71-3487E83AAAF1}.Debug|x64.ActiveCfg = Debug|Any CPU
		{1E2D650A-D391-467B-9A71-3487E83AAAF1}.Debug|x64.Build.0 = Debug|Any CPU
		{1E2D650A-D391-467B-9A71-3487E83AAAF1}.Debug|x86.ActiveCfg = Debug|Any CPU
		{1E2D650A-D391-467B-9A71-3487E83AAAF1}.Debug|x86.Build.0 = Debug|Any CPU
		{1E2D650A-D391-467B-9A71-3487E83AAAF1}.Release|Any CPU.ActiveCfg = Release|Any CPU
		{1E2D650A-D391-467B-9A71-3487E83AAAF1}.Release|Any CPU.Build.0 = Release|Any CPU
		{1E2D650A-D391-467B-9A71-3487E83AAAF1}.Release|x64.ActiveCfg = Release|Any CPU
		{1E2D650A-D391-467B-9A71-3487E83AAAF1}.Release|x64.Build.0 = Release|Any CPU
		{1E2D650A-D391-467B-9A71-3487E83AAAF1}.Release|x86.ActiveCfg = Release|Any CPU
		{1E2D650A-D391-467B-9A71-3487E83AAAF1}.Release|x86.Build.0 = Release|Any CPU
		{EB2CACEA-6372-40AA-81CC-CDE0765AC478}.Debug|Any CPU.ActiveCfg = Debug|Any CPU
		{EB2CACEA-6372-40AA-81CC-CDE0765AC478}.Debug|Any CPU.Build.0 = Debug|Any CPU
		{EB2CACEA-6372-40AA-81CC-CDE0765AC478}.Debug|x64.ActiveCfg = Debug|Any CPU
		{EB2CACEA-6372-40AA-81CC-CDE0765AC478}.Debug|x64.Build.0 = Debug|Any CPU
		{EB2CACEA-6372-40AA-81CC-CDE0765AC478}.Debug|x86.ActiveCfg = Debug|Any CPU
		{EB2CACEA-6372-40AA-81CC-CDE0765AC478}.Debug|x86.Build.0 = Debug|Any CPU
		{EB2CACEA-6372-40AA-81CC-CDE0765AC478}.Release|Any CPU.ActiveCfg = Release|Any CPU
		{EB2CACEA-6372-40AA-81CC-CDE0765AC478}.Release|Any CPU.Build.0 = Release|Any CPU
		{EB2CACEA-6372-40AA-81CC-CDE0765AC478}.Release|x64.ActiveCfg = Release|Any CPU
		{EB2CACEA-6372-40AA-81CC-CDE0765AC478}.Release|x64.Build.0 = Release|Any CPU
		{EB2CACEA-6372-40AA-81CC-CDE0765AC478}.Release|x86.ActiveCfg = Release|Any CPU
		{EB2CACEA-6372-40AA-81CC-CDE0765AC478}.Release|x86.Build.0 = Release|Any CPU
		{78BF9D21-1D44-466D-B7C9-C6D3CAEBCC0E}.Debug|Any CPU.ActiveCfg = Debug|Any CPU
		{78BF9D21-1D44-466D-B7C9-C6D3CAEBCC0E}.Debug|Any CPU.Build.0 = Debug|Any CPU
		{78BF9D21-1D44-466D-B7C9-C6D3CAEBCC0E}.Debug|x64.ActiveCfg = Debug|Any CPU
		{78BF9D21-1D44-466D-B7C9-C6D3CAEBCC0E}.Debug|x64.Build.0 = Debug|Any CPU
		{78BF9D21-1D44-466D-B7C9-C6D3CAEBCC0E}.Debug|x86.ActiveCfg = Debug|Any CPU
		{78BF9D21-1D44-466D-B7C9-C6D3CAEBCC0E}.Debug|x86.Build.0 = Debug|Any CPU
		{78BF9D21-1D44-466D-B7C9-C6D3CAEBCC0E}.Release|Any CPU.ActiveCfg = Release|Any CPU
		{78BF9D21-1D44-466D-B7C9-C6D3CAEBCC0E}.Release|Any CPU.Build.0 = Release|Any CPU
		{78BF9D21-1D44-466D-B7C9-C6D3CAEBCC0E}.Release|x64.ActiveCfg = Release|Any CPU
		{78BF9D21-1D44-466D-B7C9-C6D3CAEBCC0E}.Release|x64.Build.0 = Release|Any CPU
		{78BF9D21-1D44-466D-B7C9-C6D3CAEBCC0E}.Release|x86.ActiveCfg = Release|Any CPU
		{78BF9D21-1D44-466D-B7C9-C6D3CAEBCC0E}.Release|x86.Build.0 = Release|Any CPU
		{B2BEE3D6-C3D9-493A-B2EF-9BFBA5F00F33}.Debug|Any CPU.ActiveCfg = Debug|Any CPU
		{B2BEE3D6-C3D9-493A-B2EF-9BFBA5F00F33}.Debug|Any CPU.Build.0 = Debug|Any CPU
		{B2BEE3D6-C3D9-493A-B2EF-9BFBA5F00F33}.Debug|x64.ActiveCfg = Debug|Any CPU
		{B2BEE3D6-C3D9-493A-B2EF-9BFBA5F00F33}.Debug|x64.Build.0 = Debug|Any CPU
		{B2BEE3D6-C3D9-493A-B2EF-9BFBA5F00F33}.Debug|x86.ActiveCfg = Debug|Any CPU
		{B2BEE3D6-C3D9-493A-B2EF-9BFBA5F00F33}.Debug|x86.Build.0 = Debug|Any CPU
		{B2BEE3D6-C3D9-493A-B2EF-9BFBA5F00F33}.Release|Any CPU.ActiveCfg = Release|Any CPU
		{B2BEE3D6-C3D9-493A-B2EF-9BFBA5F00F33}.Release|Any CPU.Build.0 = Release|Any CPU
		{B2BEE3D6-C3D9-493A-B2EF-9BFBA5F00F33}.Release|x64.ActiveCfg = Release|Any CPU
		{B2BEE3D6-C3D9-493A-B2EF-9BFBA5F00F33}.Release|x64.Build.0 = Release|Any CPU
		{B2BEE3D6-C3D9-493A-B2EF-9BFBA5F00F33}.Release|x86.ActiveCfg = Release|Any CPU
		{B2BEE3D6-C3D9-493A-B2EF-9BFBA5F00F33}.Release|x86.Build.0 = Release|Any CPU
		{04DF5CB3-2CFF-4910-89EE-ADF0519F418D}.Debug|Any CPU.ActiveCfg = Debug|Any CPU
		{04DF5CB3-2CFF-4910-89EE-ADF0519F418D}.Debug|Any CPU.Build.0 = Debug|Any CPU
		{04DF5CB3-2CFF-4910-89EE-ADF0519F418D}.Debug|x64.ActiveCfg = Debug|Any CPU
		{04DF5CB3-2CFF-4910-89EE-ADF0519F418D}.Debug|x64.Build.0 = Debug|Any CPU
		{04DF5CB3-2CFF-4910-89EE-ADF0519F418D}.Debug|x86.ActiveCfg = Debug|Any CPU
		{04DF5CB3-2CFF-4910-89EE-ADF0519F418D}.Debug|x86.Build.0 = Debug|Any CPU
		{04DF5CB3-2CFF-4910-89EE-ADF0519F418D}.Release|Any CPU.ActiveCfg = Release|Any CPU
		{04DF5CB3-2CFF-4910-89EE-ADF0519F418D}.Release|Any CPU.Build.0 = Release|Any CPU
		{04DF5CB3-2CFF-4910-89EE-ADF0519F418D}.Release|x64.ActiveCfg = Release|Any CPU
		{04DF5CB3-2CFF-4910-89EE-ADF0519F418D}.Release|x64.Build.0 = Release|Any CPU
		{04DF5CB3-2CFF-4910-89EE-ADF0519F418D}.Release|x86.ActiveCfg = Release|Any CPU
		{04DF5CB3-2CFF-4910-89EE-ADF0519F418D}.Release|x86.Build.0 = Release|Any CPU
		{31311743-9126-45DD-91E7-96AC6D5FE1D0}.Debug|Any CPU.ActiveCfg = Debug|Any CPU
		{31311743-9126-45DD-91E7-96AC6D5FE1D0}.Debug|Any CPU.Build.0 = Debug|Any CPU
		{31311743-9126-45DD-91E7-96AC6D5FE1D0}.Debug|x64.ActiveCfg = Debug|Any CPU
		{31311743-9126-45DD-91E7-96AC6D5FE1D0}.Debug|x64.Build.0 = Debug|Any CPU
		{31311743-9126-45DD-91E7-96AC6D5FE1D0}.Debug|x86.ActiveCfg = Debug|Any CPU
		{31311743-9126-45DD-91E7-96AC6D5FE1D0}.Debug|x86.Build.0 = Debug|Any CPU
		{31311743-9126-45DD-91E7-96AC6D5FE1D0}.Release|Any CPU.ActiveCfg = Release|Any CPU
		{31311743-9126-45DD-91E7-96AC6D5FE1D0}.Release|Any CPU.Build.0 = Release|Any CPU
		{31311743-9126-45DD-91E7-96AC6D5FE1D0}.Release|x64.ActiveCfg = Release|Any CPU
		{31311743-9126-45DD-91E7-96AC6D5FE1D0}.Release|x64.Build.0 = Release|Any CPU
		{31311743-9126-45DD-91E7-96AC6D5FE1D0}.Release|x86.ActiveCfg = Release|Any CPU
		{31311743-9126-45DD-91E7-96AC6D5FE1D0}.Release|x86.Build.0 = Release|Any CPU
		{FD754F8C-D0D0-4BCE-9D22-A93DF7D68D33}.Debug|Any CPU.ActiveCfg = Debug|Any CPU
		{FD754F8C-D0D0-4BCE-9D22-A93DF7D68D33}.Debug|Any CPU.Build.0 = Debug|Any CPU
		{FD754F8C-D0D0-4BCE-9D22-A93DF7D68D33}.Debug|x64.ActiveCfg = Debug|Any CPU
		{FD754F8C-D0D0-4BCE-9D22-A93DF7D68D33}.Debug|x64.Build.0 = Debug|Any CPU
		{FD754F8C-D0D0-4BCE-9D22-A93DF7D68D33}.Debug|x86.ActiveCfg = Debug|Any CPU
		{FD754F8C-D0D0-4BCE-9D22-A93DF7D68D33}.Debug|x86.Build.0 = Debug|Any CPU
		{FD754F8C-D0D0-4BCE-9D22-A93DF7D68D33}.Release|Any CPU.ActiveCfg = Release|Any CPU
		{FD754F8C-D0D0-4BCE-9D22-A93DF7D68D33}.Release|Any CPU.Build.0 = Release|Any CPU
		{FD754F8C-D0D0-4BCE-9D22-A93DF7D68D33}.Release|x64.ActiveCfg = Release|Any CPU
		{FD754F8C-D0D0-4BCE-9D22-A93DF7D68D33}.Release|x64.Build.0 = Release|Any CPU
		{FD754F8C-D0D0-4BCE-9D22-A93DF7D68D33}.Release|x86.ActiveCfg = Release|Any CPU
		{FD754F8C-D0D0-4BCE-9D22-A93DF7D68D33}.Release|x86.Build.0 = Release|Any CPU
		{03FF4C32-8206-412A-B276-805DEAA3D61F}.Debug|Any CPU.ActiveCfg = Debug|Any CPU
		{03FF4C32-8206-412A-B276-805DEAA3D61F}.Debug|Any CPU.Build.0 = Debug|Any CPU
		{03FF4C32-8206-412A-B276-805DEAA3D61F}.Debug|x64.ActiveCfg = Debug|Any CPU
		{03FF4C32-8206-412A-B276-805DEAA3D61F}.Debug|x64.Build.0 = Debug|Any CPU
		{03FF4C32-8206-412A-B276-805DEAA3D61F}.Debug|x86.ActiveCfg = Debug|Any CPU
		{03FF4C32-8206-412A-B276-805DEAA3D61F}.Debug|x86.Build.0 = Debug|Any CPU
		{03FF4C32-8206-412A-B276-805DEAA3D61F}.Release|Any CPU.ActiveCfg = Release|Any CPU
		{03FF4C32-8206-412A-B276-805DEAA3D61F}.Release|Any CPU.Build.0 = Release|Any CPU
		{03FF4C32-8206-412A-B276-805DEAA3D61F}.Release|x64.ActiveCfg = Release|Any CPU
		{03FF4C32-8206-412A-B276-805DEAA3D61F}.Release|x64.Build.0 = Release|Any CPU
		{03FF4C32-8206-412A-B276-805DEAA3D61F}.Release|x86.ActiveCfg = Release|Any CPU
		{03FF4C32-8206-412A-B276-805DEAA3D61F}.Release|x86.Build.0 = Release|Any CPU
		{A793DEFB-8E59-4FA7-8752-97CDCB2CDC8C}.Debug|Any CPU.ActiveCfg = Debug|Any CPU
		{A793DEFB-8E59-4FA7-8752-97CDCB2CDC8C}.Debug|Any CPU.Build.0 = Debug|Any CPU
		{A793DEFB-8E59-4FA7-8752-97CDCB2CDC8C}.Debug|x64.ActiveCfg = Debug|Any CPU
		{A793DEFB-8E59-4FA7-8752-97CDCB2CDC8C}.Debug|x64.Build.0 = Debug|Any CPU
		{A793DEFB-8E59-4FA7-8752-97CDCB2CDC8C}.Debug|x86.ActiveCfg = Debug|Any CPU
		{A793DEFB-8E59-4FA7-8752-97CDCB2CDC8C}.Debug|x86.Build.0 = Debug|Any CPU
		{A793DEFB-8E59-4FA7-8752-97CDCB2CDC8C}.Release|Any CPU.ActiveCfg = Release|Any CPU
		{A793DEFB-8E59-4FA7-8752-97CDCB2CDC8C}.Release|Any CPU.Build.0 = Release|Any CPU
		{A793DEFB-8E59-4FA7-8752-97CDCB2CDC8C}.Release|x64.ActiveCfg = Release|Any CPU
		{A793DEFB-8E59-4FA7-8752-97CDCB2CDC8C}.Release|x64.Build.0 = Release|Any CPU
		{A793DEFB-8E59-4FA7-8752-97CDCB2CDC8C}.Release|x86.ActiveCfg = Release|Any CPU
		{A793DEFB-8E59-4FA7-8752-97CDCB2CDC8C}.Release|x86.Build.0 = Release|Any CPU
		{A245DEF8-5B31-425D-B94D-C6DB5E2236D1}.Debug|Any CPU.ActiveCfg = Debug|Any CPU
		{A245DEF8-5B31-425D-B94D-C6DB5E2236D1}.Debug|Any CPU.Build.0 = Debug|Any CPU
		{A245DEF8-5B31-425D-B94D-C6DB5E2236D1}.Debug|x64.ActiveCfg = Debug|Any CPU
		{A245DEF8-5B31-425D-B94D-C6DB5E2236D1}.Debug|x64.Build.0 = Debug|Any CPU
		{A245DEF8-5B31-425D-B94D-C6DB5E2236D1}.Debug|x86.ActiveCfg = Debug|Any CPU
		{A245DEF8-5B31-425D-B94D-C6DB5E2236D1}.Debug|x86.Build.0 = Debug|Any CPU
		{A245DEF8-5B31-425D-B94D-C6DB5E2236D1}.Release|Any CPU.ActiveCfg = Release|Any CPU
		{A245DEF8-5B31-425D-B94D-C6DB5E2236D1}.Release|Any CPU.Build.0 = Release|Any CPU
		{A245DEF8-5B31-425D-B94D-C6DB5E2236D1}.Release|x64.ActiveCfg = Release|Any CPU
		{A245DEF8-5B31-425D-B94D-C6DB5E2236D1}.Release|x64.Build.0 = Release|Any CPU
		{A245DEF8-5B31-425D-B94D-C6DB5E2236D1}.Release|x86.ActiveCfg = Release|Any CPU
		{A245DEF8-5B31-425D-B94D-C6DB5E2236D1}.Release|x86.Build.0 = Release|Any CPU
		{A281A9CE-0CFC-49E6-8894-AB8C59491F07}.Debug|Any CPU.ActiveCfg = Debug|Any CPU
		{A281A9CE-0CFC-49E6-8894-AB8C59491F07}.Debug|Any CPU.Build.0 = Debug|Any CPU
		{A281A9CE-0CFC-49E6-8894-AB8C59491F07}.Debug|x64.ActiveCfg = Debug|Any CPU
		{A281A9CE-0CFC-49E6-8894-AB8C59491F07}.Debug|x64.Build.0 = Debug|Any CPU
		{A281A9CE-0CFC-49E6-8894-AB8C59491F07}.Debug|x86.ActiveCfg = Debug|Any CPU
		{A281A9CE-0CFC-49E6-8894-AB8C59491F07}.Debug|x86.Build.0 = Debug|Any CPU
		{A281A9CE-0CFC-49E6-8894-AB8C59491F07}.Release|Any CPU.ActiveCfg = Release|Any CPU
		{A281A9CE-0CFC-49E6-8894-AB8C59491F07}.Release|Any CPU.Build.0 = Release|Any CPU
		{A281A9CE-0CFC-49E6-8894-AB8C59491F07}.Release|x64.ActiveCfg = Release|Any CPU
		{A281A9CE-0CFC-49E6-8894-AB8C59491F07}.Release|x64.Build.0 = Release|Any CPU
		{A281A9CE-0CFC-49E6-8894-AB8C59491F07}.Release|x86.ActiveCfg = Release|Any CPU
		{A281A9CE-0CFC-49E6-8894-AB8C59491F07}.Release|x86.Build.0 = Release|Any CPU
	EndGlobalSection
	GlobalSection(SolutionProperties) = preSolution
		HideSolutionNode = FALSE
	EndGlobalSection
	GlobalSection(NestedProjects) = preSolution
		{1E2D650A-D391-467B-9A71-3487E83AAAF1} = {86FFF915-A70D-6D22-BBC9-936E523449E4}
		{EB2CACEA-6372-40AA-81CC-CDE0765AC478} = {86FFF915-A70D-6D22-BBC9-936E523449E4}
		{31311743-9126-45DD-91E7-96AC6D5FE1D0} = {524550B4-BF10-CBF7-EC8D-67BB0CC8CAF5}
		{FD754F8C-D0D0-4BCE-9D22-A93DF7D68D33} = {EEF5C829-FE39-4181-F164-9F63BF10A4E5}
		{03FF4C32-8206-412A-B276-805DEAA3D61F} = {C8031613-51DE-5265-AC7F-2663278861A3}
		{A793DEFB-8E59-4FA7-8752-97CDCB2CDC8C} = {C8031613-51DE-5265-AC7F-2663278861A3}
		{A245DEF8-5B31-425D-B94D-C6DB5E2236D1} = {EEF5C829-FE39-4181-F164-9F63BF10A4E5}
		{A281A9CE-0CFC-49E6-8894-AB8C59491F07} = {B1CAFED3-8B00-36AC-E475-2B2F3CD93608}
	EndGlobalSection
EndGlobal
