
Microsoft Visual Studio Solution File, Format Version 12.00
# Visual Studio Version 17
VisualStudioVersion = 17.0.31903.59
MinimumVisualStudioVersion = 10.0.40219.1
Project("{2150E333-8FDC-42A3-9474-1A3956D46DE8}") = "Aula4", "Aula4", "{86FFF915-A70D-6D22-BBC9-936E523449E4}"
EndProject
Project("{FAE04EC0-301F-11D3-BF4B-00C04F79EFBC}") = "Exercicio1", "Aula4\Exercicio1\Exercicio1.csproj", "{1E2D650A-D391-467B-9A71-3487E83AAAF1}"
EndProject
Project("{FAE04EC0-301F-11D3-BF4B-00C04F79EFBC}") = "Exercicio3", "Aula4\Exercicio3\Exercicio3.csproj", "{EB2CACEA-6372-40AA-81CC-CDE0765AC478}"
EndProject
Project("{2150E333-8FDC-42A3-9474-1A3956D46DE8}") = "Aula5", "Aula5", "{C9C22370-D9A2-AC29-050F-7139BECDFD26}"
EndProject
Project("{FAE04EC0-301F-11D3-BF4B-00C04F79EFBC}") = "Exercicio1", "Aula5\Exercicio1\Exercicio1.csproj", "{6185C025-C1F4-4B84-9482-EFDF0E37A62B}"
EndProject
Project("{FAE04EC0-301F-11D3-BF4B-00C04F79EFBC}") = "Exercicio2", "Aula5\Exercicio2\Exercicio2.csproj", "{78BF9D21-1D44-466D-B7C9-C6D3CAEBCC0E}"
EndProject
Project("{FAE04EC0-301F-11D3-BF4B-00C04F79EFBC}") = "Exercicio4", "Aula5\Exercicio4\Exercicio4.csproj", "{B2BEE3D6-C3D9-493A-B2EF-9BFBA5F00F33}"
EndProject
Project("{FAE04EC0-301F-11D3-BF4B-00C04F79EFBC}") = "Exercicio5", "Aula5\Exercicio5\Exercicio5.csproj", "{04DF5CB3-2CFF-4910-89EE-ADF0519F418D}"
EndProject
Global
	GlobalSection(SolutionConfigurationPlatforms) = preSolution
		Debug|Any CPU = Debug|Any CPU
		Debug|x64 = Debug|x64
		Debug|x86 = Debug|x86
		Release|Any CPU = Release|Any CPU
		Release|x64 = Release|x64
		Release|x86 = Release|x86
	EndGlobalSection
	GlobalSection(ProjectConfigurationPlatforms) = postSolution
		{1E2D650A-D391-467B-9A71-3487E83AAAF1}.Debug|Any CPU.ActiveCfg = Debug|Any CPU
		{1E2D650A-D391-467B-9A71-3487E83AAAF1}.Debug|Any CPU.Build.0 = Debug|Any CPU
		{1E2D650A-D391-467B-9A71-3487E83AAAF1}.Debug|x64.ActiveCfg = Debug|Any CPU
		{1E2D650A-D391-467B-9A71-3487E83AAAF1}.Debug|x64.Build.0 = Debug|Any CPU
		{1E2D650A-D391-467B-9A71-3487E83AAAF1}.Debug|x86.ActiveCfg = Debug|Any CPU
		{1E2D650A-D391-467B-9A71-3487E83AAAF1}.Debug|x86.Build.0 = Debug|Any CPU
		{1E2D650A-D391-467B-9A71-3487E83AAAF1}.Release|Any CPU.ActiveCfg = Release|Any CPU
		{1E2D650A-D391-467B-9A71-3487E83AAAF1}.Release|Any CPU.Build.0 = Release|Any CPU
		{1E2D650A-D391-467B-9A71-3487E83AAAF1}.Release|x64.ActiveCfg = Release|Any CPU
		{1E2D650A-D391-467B-9A71-3487E83AAAF1}.Release|x64.Build.0 = Release|Any CPU
		{1E2D650A-D391-467B-9A71-3487E83AAAF1}.Release|x86.ActiveCfg = Release|Any CPU
		{1E2D650A-D391-467B-9A71-3487E83AAAF1}.Release|x86.Build.0 = Release|Any CPU
		{EB2CACEA-6372-40AA-81CC-CDE0765AC478}.Debug|Any CPU.ActiveCfg = Debug|Any CPU
		{EB2CACEA-6372-40AA-81CC-CDE0765AC478}.Debug|Any CPU.Build.0 = Debug|Any CPU
		{EB2CACEA-6372-40AA-81CC-CDE0765AC478}.Debug|x64.ActiveCfg = Debug|Any CPU
		{EB2CACEA-6372-40AA-81CC-CDE0765AC478}.Debug|x64.Build.0 = Debug|Any CPU
		{EB2CACEA-6372-40AA-81CC-CDE0765AC478}.Debug|x86.ActiveCfg = Debug|Any CPU
		{EB2CACEA-6372-40AA-81CC-CDE0765AC478}.Debug|x86.Build.0 = Debug|Any CPU
		{EB2CACEA-6372-40AA-81CC-CDE0765AC478}.Release|Any CPU.ActiveCfg = Release|Any CPU
		{EB2CACEA-6372-40AA-81CC-CDE0765AC478}.Release|Any CPU.Build.0 = Release|Any CPU
		{EB2CACEA-6372-40AA-81CC-CDE0765AC478}.Release|x64.ActiveCfg = Release|Any CPU
		{EB2CACEA-6372-40AA-81CC-CDE0765AC478}.Release|x64.Build.0 = Release|Any CPU
		{EB2CACEA-6372-40AA-81CC-CDE0765AC478}.Release|x86.ActiveCfg = Release|Any CPU
		{EB2CACEA-6372-40AA-81CC-CDE0765AC478}.Release|x86.Build.0 = Release|Any CPU
		{6185C025-C1F4-4B84-9482-EFDF0E37A62B}.Debug|Any CPU.ActiveCfg = Debug|Any CPU
		{6185C025-C1F4-4B84-9482-EFDF0E37A62B}.Debug|Any CPU.Build.0 = Debug|Any CPU
		{6185C025-C1F4-4B84-9482-EFDF0E37A62B}.Debug|x64.ActiveCfg = Debug|Any CPU
		{6185C025-C1F4-4B84-9482-EFDF0E37A62B}.Debug|x64.Build.0 = Debug|Any CPU
		{6185C025-C1F4-4B84-9482-EFDF0E37A62B}.Debug|x86.ActiveCfg = Debug|Any CPU
		{6185C025-C1F4-4B84-9482-EFDF0E37A62B}.Debug|x86.Build.0 = Debug|Any CPU
		{6185C025-C1F4-4B84-9482-EFDF0E37A62B}.Release|Any CPU.ActiveCfg = Release|Any CPU
		{6185C025-C1F4-4B84-9482-EFDF0E37A62B}.Release|Any CPU.Build.0 = Release|Any CPU
		{6185C025-C1F4-4B84-9482-EFDF0E37A62B}.Release|x64.ActiveCfg = Release|Any CPU
		{6185C025-C1F4-4B84-9482-EFDF0E37A62B}.Release|x64.Build.0 = Release|Any CPU
		{6185C025-C1F4-4B84-9482-EFDF0E37A62B}.Release|x86.ActiveCfg = Release|Any CPU
		{6185C025-C1F4-4B84-9482-EFDF0E37A62B}.Release|x86.Build.0 = Release|Any CPU
		{78BF9D21-1D44-466D-B7C9-C6D3CAEBCC0E}.Debug|Any CPU.ActiveCfg = Debug|Any CPU
		{78BF9D21-1D44-466D-B7C9-C6D3CAEBCC0E}.Debug|Any CPU.Build.0 = Debug|Any CPU
		{78BF9D21-1D44-466D-B7C9-C6D3CAEBCC0E}.Debug|x64.ActiveCfg = Debug|Any CPU
		{78BF9D21-1D44-466D-B7C9-C6D3CAEBCC0E}.Debug|x64.Build.0 = Debug|Any CPU
		{78BF9D21-1D44-466D-B7C9-C6D3CAEBCC0E}.Debug|x86.ActiveCfg = Debug|Any CPU
		{78BF9D21-1D44-466D-B7C9-C6D3CAEBCC0E}.Debug|x86.Build.0 = Debug|Any CPU
		{78BF9D21-1D44-466D-B7C9-C6D3CAEBCC0E}.Release|Any CPU.ActiveCfg = Release|Any CPU
		{78BF9D21-1D44-466D-B7C9-C6D3CAEBCC0E}.Release|Any CPU.Build.0 = Release|Any CPU
		{78BF9D21-1D44-466D-B7C9-C6D3CAEBCC0E}.Release|x64.ActiveCfg = Release|Any CPU
		{78BF9D21-1D44-466D-B7C9-C6D3CAEBCC0E}.Release|x64.Build.0 = Release|Any CPU
		{78BF9D21-1D44-466D-B7C9-C6D3CAEBCC0E}.Release|x86.ActiveCfg = Release|Any CPU
		{78BF9D21-1D44-466D-B7C9-C6D3CAEBCC0E}.Release|x86.Build.0 = Release|Any CPU
		{B2BEE3D6-C3D9-493A-B2EF-9BFBA5F00F33}.Debug|Any CPU.ActiveCfg = Debug|Any CPU
		{B2BEE3D6-C3D9-493A-B2EF-9BFBA5F00F33}.Debug|Any CPU.Build.0 = Debug|Any CPU
		{B2BEE3D6-C3D9-493A-B2EF-9BFBA5F00F33}.Debug|x64.ActiveCfg = Debug|Any CPU
		{B2BEE3D6-C3D9-493A-B2EF-9BFBA5F00F33}.Debug|x64.Build.0 = Debug|Any CPU
		{B2BEE3D6-C3D9-493A-B2EF-9BFBA5F00F33}.Debug|x86.ActiveCfg = Debug|Any CPU
		{B2BEE3D6-C3D9-493A-B2EF-9BFBA5F00F33}.Debug|x86.Build.0 = Debug|Any CPU
		{B2BEE3D6-C3D9-493A-B2EF-9BFBA5F00F33}.Release|Any CPU.ActiveCfg = Release|Any CPU
		{B2BEE3D6-C3D9-493A-B2EF-9BFBA5F00F33}.Release|Any CPU.Build.0 = Release|Any CPU
		{B2BEE3D6-C3D9-493A-B2EF-9BFBA5F00F33}.Release|x64.ActiveCfg = Release|Any CPU
		{B2BEE3D6-C3D9-493A-B2EF-9BFBA5F00F33}.Release|x64.Build.0 = Release|Any CPU
		{B2BEE3D6-C3D9-493A-B2EF-9BFBA5F00F33}.Release|x86.ActiveCfg = Release|Any CPU
		{B2BEE3D6-C3D9-493A-B2EF-9BFBA5F00F33}.Release|x86.Build.0 = Release|Any CPU
		{04DF5CB3-2CFF-4910-89EE-ADF0519F418D}.Debug|Any CPU.ActiveCfg = Debug|Any CPU
		{04DF5CB3-2CFF-4910-89EE-ADF0519F418D}.Debug|Any CPU.Build.0 = Debug|Any CPU
		{04DF5CB3-2CFF-4910-89EE-ADF0519F418D}.Debug|x64.ActiveCfg = Debug|Any CPU
		{04DF5CB3-2CFF-4910-89EE-ADF0519F418D}.Debug|x64.Build.0 = Debug|Any CPU
		{04DF5CB3-2CFF-4910-89EE-ADF0519F418D}.Debug|x86.ActiveCfg = Debug|Any CPU
		{04DF5CB3-2CFF-4910-89EE-ADF0519F418D}.Debug|x86.Build.0 = Debug|Any CPU
		{04DF5CB3-2CFF-4910-89EE-ADF0519F418D}.Release|Any CPU.ActiveCfg = Release|Any CPU
		{04DF5CB3-2CFF-4910-89EE-ADF0519F418D}.Release|Any CPU.Build.0 = Release|Any CPU
		{04DF5CB3-2CFF-4910-89EE-ADF0519F418D}.Release|x64.ActiveCfg = Release|Any CPU
		{04DF5CB3-2CFF-4910-89EE-ADF0519F418D}.Release|x64.Build.0 = Release|Any CPU
		{04DF5CB3-2CFF-4910-89EE-ADF0519F418D}.Release|x86.ActiveCfg = Release|Any CPU
		{04DF5CB3-2CFF-4910-89EE-ADF0519F418D}.Release|x86.Build.0 = Release|Any CPU
	EndGlobalSection
	GlobalSection(SolutionProperties) = preSolution
		HideSolutionNode = FALSE
	EndGlobalSection
	GlobalSection(NestedProjects) = preSolution
		{1E2D650A-D391-467B-9A71-3487E83AAAF1} = {86FFF915-A70D-6D22-BBC9-936E523449E4}
		{EB2CACEA-6372-40AA-81CC-CDE0765AC478} = {86FFF915-A70D-6D22-BBC9-936E523449E4}
		{6185C025-C1F4-4B84-9482-EFDF0E37A62B} = {C9C22370-D9A2-AC29-050F-7139BECDFD26}
		{78BF9D21-1D44-466D-B7C9-C6D3CAEBCC0E} = {C9C22370-D9A2-AC29-050F-7139BECDFD26}
		{B2BEE3D6-C3D9-493A-B2EF-9BFBA5F00F33} = {C9C22370-D9A2-AC29-050F-7139BECDFD26}
		{04DF5CB3-2CFF-4910-89EE-ADF0519F418D} = {C9C22370-D9A2-AC29-050F-7139BECDFD26}
	EndGlobalSection
EndGlobal
